// !$*UTF8*$!
{
	archiveVersion = 1;
	classes = {
	};
	objectVersion = 56;
	objects = {

/* Begin PBXBuildFile section */
		E62D53B6297951D400C0F9D3 /* RatingView.swift in Sources */ = {isa = PBXBuildFile; fileRef = E62D53B5297951D400C0F9D3 /* RatingView.swift */; };
		E62D53B929795F9F00C0F9D3 /* AnimeCellView.swift in Sources */ = {isa = PBXBuildFile; fileRef = E62D53B829795F9F00C0F9D3 /* AnimeCellView.swift */; };
		E62D53BB29795FC900C0F9D3 /* AnimeInfoView.swift in Sources */ = {isa = PBXBuildFile; fileRef = E62D53BA29795FC900C0F9D3 /* AnimeInfoView.swift */; };
		E62D53BE2979604300C0F9D3 /* PreviewProvider.swift in Sources */ = {isa = PBXBuildFile; fileRef = E62D53BD2979604300C0F9D3 /* PreviewProvider.swift */; };
		E648D3392954E7B100ACEDDE /* AnimeViewModel.swift in Sources */ = {isa = PBXBuildFile; fileRef = E648D3382954E7B100ACEDDE /* AnimeViewModel.swift */; };
		E648D33B2954E91400ACEDDE /* AnimeModel.swift in Sources */ = {isa = PBXBuildFile; fileRef = E648D33A2954E91400ACEDDE /* AnimeModel.swift */; };
		E65B25E12971D17E00BC37AC /* AnimeManager.swift in Sources */ = {isa = PBXBuildFile; fileRef = E65B25E02971D17E00BC37AC /* AnimeManager.swift */; };
		E674DD13294E3E76003F9CD6 /* HomeView.swift in Sources */ = {isa = PBXBuildFile; fileRef = E674DD12294E3E76003F9CD6 /* HomeView.swift */; };
		E674DD15294E3EEF003F9CD6 /* DatabaseView.swift in Sources */ = {isa = PBXBuildFile; fileRef = E674DD14294E3EEF003F9CD6 /* DatabaseView.swift */; };
		E674DD17294E3EFD003F9CD6 /* CommunityView.swift in Sources */ = {isa = PBXBuildFile; fileRef = E674DD16294E3EFD003F9CD6 /* CommunityView.swift */; };
		E674DD19294E3F62003F9CD6 /* MiscellaneousView.swift in Sources */ = {isa = PBXBuildFile; fileRef = E674DD18294E3F62003F9CD6 /* MiscellaneousView.swift */; };
		E674DD1B294E3F7B003F9CD6 /* InformationView.swift in Sources */ = {isa = PBXBuildFile; fileRef = E674DD1A294E3F7B003F9CD6 /* InformationView.swift */; };
		E69A5403294FFABE005519FA /* AppDataViewModel.swift in Sources */ = {isa = PBXBuildFile; fileRef = E69A5402294FFABD005519FA /* AppDataViewModel.swift */; };
		E69A540529508EE7005519FA /* AuthViewModel.swift in Sources */ = {isa = PBXBuildFile; fileRef = E69A540429508EE6005519FA /* AuthViewModel.swift */; };
		E69A540729517001005519FA /* LoginView.swift in Sources */ = {isa = PBXBuildFile; fileRef = E69A540629517001005519FA /* LoginView.swift */; };
		E6AD01B1294E3A6F0065E5A6 /* ShikimoriAppApp.swift in Sources */ = {isa = PBXBuildFile; fileRef = E6AD01B0294E3A6F0065E5A6 /* ShikimoriAppApp.swift */; };
		E6AD01B3294E3A6F0065E5A6 /* ContentView.swift in Sources */ = {isa = PBXBuildFile; fileRef = E6AD01B2294E3A6F0065E5A6 /* ContentView.swift */; };
		E6AD01B5294E3A700065E5A6 /* Assets.xcassets in Resources */ = {isa = PBXBuildFile; fileRef = E6AD01B4294E3A700065E5A6 /* Assets.xcassets */; };
		E6AD01B8294E3A700065E5A6 /* Preview Assets.xcassets in Resources */ = {isa = PBXBuildFile; fileRef = E6AD01B7294E3A700065E5A6 /* Preview Assets.xcassets */; };
		E6AD01BA294E3A700065E5A6 /* Persistence.swift in Sources */ = {isa = PBXBuildFile; fileRef = E6AD01B9294E3A700065E5A6 /* Persistence.swift */; };
		E6AD01BD294E3A700065E5A6 /* ShikimoriApp.xcdatamodeld in Sources */ = {isa = PBXBuildFile; fileRef = E6AD01BB294E3A700065E5A6 /* ShikimoriApp.xcdatamodeld */; };
		E6AD01C7294E3A700065E5A6 /* ShikimoriAppTests.swift in Sources */ = {isa = PBXBuildFile; fileRef = E6AD01C6294E3A700065E5A6 /* ShikimoriAppTests.swift */; };
		E6AD01D1294E3A700065E5A6 /* ShikimoriAppUITests.swift in Sources */ = {isa = PBXBuildFile; fileRef = E6AD01D0294E3A700065E5A6 /* ShikimoriAppUITests.swift */; };
		E6AD01D3294E3A700065E5A6 /* ShikimoriAppUITestsLaunchTests.swift in Sources */ = {isa = PBXBuildFile; fileRef = E6AD01D2294E3A700065E5A6 /* ShikimoriAppUITestsLaunchTests.swift */; };
/* End PBXBuildFile section */

/* Begin PBXContainerItemProxy section */
		E6AD01C3294E3A700065E5A6 /* PBXContainerItemProxy */ = {
			isa = PBXContainerItemProxy;
			containerPortal = E6AD01A5294E3A6F0065E5A6 /* Project object */;
			proxyType = 1;
			remoteGlobalIDString = E6AD01AC294E3A6F0065E5A6;
			remoteInfo = ShikimoriApp;
		};
		E6AD01CD294E3A700065E5A6 /* PBXContainerItemProxy */ = {
			isa = PBXContainerItemProxy;
			containerPortal = E6AD01A5294E3A6F0065E5A6 /* Project object */;
			proxyType = 1;
			remoteGlobalIDString = E6AD01AC294E3A6F0065E5A6;
			remoteInfo = ShikimoriApp;
		};
/* End PBXContainerItemProxy section */

/* Begin PBXFileReference section */
		E62D53B5297951D400C0F9D3 /* RatingView.swift */ = {isa = PBXFileReference; lastKnownFileType = sourcecode.swift; path = RatingView.swift; sourceTree = "<group>"; };
		E62D53B829795F9F00C0F9D3 /* AnimeCellView.swift */ = {isa = PBXFileReference; lastKnownFileType = sourcecode.swift; path = AnimeCellView.swift; sourceTree = "<group>"; };
		E62D53BA29795FC900C0F9D3 /* AnimeInfoView.swift */ = {isa = PBXFileReference; lastKnownFileType = sourcecode.swift; path = AnimeInfoView.swift; sourceTree = "<group>"; };
		E62D53BD2979604300C0F9D3 /* PreviewProvider.swift */ = {isa = PBXFileReference; lastKnownFileType = sourcecode.swift; path = PreviewProvider.swift; sourceTree = "<group>"; };
		E648D3382954E7B100ACEDDE /* AnimeViewModel.swift */ = {isa = PBXFileReference; lastKnownFileType = sourcecode.swift; path = AnimeViewModel.swift; sourceTree = "<group>"; };
		E648D33A2954E91400ACEDDE /* AnimeModel.swift */ = {isa = PBXFileReference; lastKnownFileType = sourcecode.swift; path = AnimeModel.swift; sourceTree = "<group>"; };
		E65B25E02971D17E00BC37AC /* AnimeManager.swift */ = {isa = PBXFileReference; lastKnownFileType = sourcecode.swift; path = AnimeManager.swift; sourceTree = "<group>"; };
		E674DD12294E3E76003F9CD6 /* HomeView.swift */ = {isa = PBXFileReference; lastKnownFileType = sourcecode.swift; path = HomeView.swift; sourceTree = "<group>"; };
		E674DD14294E3EEF003F9CD6 /* DatabaseView.swift */ = {isa = PBXFileReference; lastKnownFileType = sourcecode.swift; path = DatabaseView.swift; sourceTree = "<group>"; };
		E674DD16294E3EFD003F9CD6 /* CommunityView.swift */ = {isa = PBXFileReference; lastKnownFileType = sourcecode.swift; path = CommunityView.swift; sourceTree = "<group>"; };
		E674DD18294E3F62003F9CD6 /* MiscellaneousView.swift */ = {isa = PBXFileReference; lastKnownFileType = sourcecode.swift; path = MiscellaneousView.swift; sourceTree = "<group>"; };
		E674DD1A294E3F7B003F9CD6 /* InformationView.swift */ = {isa = PBXFileReference; lastKnownFileType = sourcecode.swift; path = InformationView.swift; sourceTree = "<group>"; };
		E69A53FE294FF6AA005519FA /* Info.plist */ = {isa = PBXFileReference; lastKnownFileType = text.plist; path = Info.plist; sourceTree = "<group>"; };
		E69A5402294FFABD005519FA /* AppDataViewModel.swift */ = {isa = PBXFileReference; lastKnownFileType = sourcecode.swift; path = AppDataViewModel.swift; sourceTree = "<group>"; };
		E69A540429508EE6005519FA /* AuthViewModel.swift */ = {isa = PBXFileReference; lastKnownFileType = sourcecode.swift; path = AuthViewModel.swift; sourceTree = "<group>"; };
		E69A540629517001005519FA /* LoginView.swift */ = {isa = PBXFileReference; lastKnownFileType = sourcecode.swift; path = LoginView.swift; sourceTree = "<group>"; };
		E6AD01AD294E3A6F0065E5A6 /* ShikimoriApp.app */ = {isa = PBXFileReference; explicitFileType = wrapper.application; includeInIndex = 0; path = ShikimoriApp.app; sourceTree = BUILT_PRODUCTS_DIR; };
		E6AD01B0294E3A6F0065E5A6 /* ShikimoriAppApp.swift */ = {isa = PBXFileReference; lastKnownFileType = sourcecode.swift; path = ShikimoriAppApp.swift; sourceTree = "<group>"; };
		E6AD01B2294E3A6F0065E5A6 /* ContentView.swift */ = {isa = PBXFileReference; lastKnownFileType = sourcecode.swift; path = ContentView.swift; sourceTree = "<group>"; };
		E6AD01B4294E3A700065E5A6 /* Assets.xcassets */ = {isa = PBXFileReference; lastKnownFileType = folder.assetcatalog; path = Assets.xcassets; sourceTree = "<group>"; };
		E6AD01B7294E3A700065E5A6 /* Preview Assets.xcassets */ = {isa = PBXFileReference; lastKnownFileType = folder.assetcatalog; path = "Preview Assets.xcassets"; sourceTree = "<group>"; };
		E6AD01B9294E3A700065E5A6 /* Persistence.swift */ = {isa = PBXFileReference; lastKnownFileType = sourcecode.swift; path = Persistence.swift; sourceTree = "<group>"; };
		E6AD01BC294E3A700065E5A6 /* ShikimoriApp.xcdatamodel */ = {isa = PBXFileReference; lastKnownFileType = wrapper.xcdatamodel; path = ShikimoriApp.xcdatamodel; sourceTree = "<group>"; };
		E6AD01C2294E3A700065E5A6 /* ShikimoriAppTests.xctest */ = {isa = PBXFileReference; explicitFileType = wrapper.cfbundle; includeInIndex = 0; path = ShikimoriAppTests.xctest; sourceTree = BUILT_PRODUCTS_DIR; };
		E6AD01C6294E3A700065E5A6 /* ShikimoriAppTests.swift */ = {isa = PBXFileReference; lastKnownFileType = sourcecode.swift; path = ShikimoriAppTests.swift; sourceTree = "<group>"; };
		E6AD01CC294E3A700065E5A6 /* ShikimoriAppUITests.xctest */ = {isa = PBXFileReference; explicitFileType = wrapper.cfbundle; includeInIndex = 0; path = ShikimoriAppUITests.xctest; sourceTree = BUILT_PRODUCTS_DIR; };
		E6AD01D0294E3A700065E5A6 /* ShikimoriAppUITests.swift */ = {isa = PBXFileReference; lastKnownFileType = sourcecode.swift; path = ShikimoriAppUITests.swift; sourceTree = "<group>"; };
		E6AD01D2294E3A700065E5A6 /* ShikimoriAppUITestsLaunchTests.swift */ = {isa = PBXFileReference; lastKnownFileType = sourcecode.swift; path = ShikimoriAppUITestsLaunchTests.swift; sourceTree = "<group>"; };
/* End PBXFileReference section */

/* Begin PBXFrameworksBuildPhase section */
		E6AD01AA294E3A6F0065E5A6 /* Frameworks */ = {
			isa = PBXFrameworksBuildPhase;
			buildActionMask = 2147483647;
			files = (
			);
			runOnlyForDeploymentPostprocessing = 0;
		};
		E6AD01BF294E3A700065E5A6 /* Frameworks */ = {
			isa = PBXFrameworksBuildPhase;
			buildActionMask = 2147483647;
			files = (
			);
			runOnlyForDeploymentPostprocessing = 0;
		};
		E6AD01C9294E3A700065E5A6 /* Frameworks */ = {
			isa = PBXFrameworksBuildPhase;
			buildActionMask = 2147483647;
			files = (
			);
			runOnlyForDeploymentPostprocessing = 0;
		};
/* End PBXFrameworksBuildPhase section */

/* Begin PBXGroup section */
		E62D53B729795F8B00C0F9D3 /* Anime */ = {
			isa = PBXGroup;
			children = (
				E62D53B829795F9F00C0F9D3 /* AnimeCellView.swift */,
				E62D53BA29795FC900C0F9D3 /* AnimeInfoView.swift */,
			);
			path = Anime;
			sourceTree = "<group>";
		};
		E62D53BC2979602C00C0F9D3 /* Extensions */ = {
			isa = PBXGroup;
			children = (
				E62D53BD2979604300C0F9D3 /* PreviewProvider.swift */,
			);
			path = Extensions;
			sourceTree = "<group>";
		};
		E65B25DF2971D06A00BC37AC /* Managers */ = {
			isa = PBXGroup;
			children = (
				E65B25E02971D17E00BC37AC /* AnimeManager.swift */,
			);
			path = Managers;
			sourceTree = "<group>";
		};
		E674DD11294E3E44003F9CD6 /* Views */ = {
			isa = PBXGroup;
			children = (
				E62D53B729795F8B00C0F9D3 /* Anime */,
				E674DD12294E3E76003F9CD6 /* HomeView.swift */,
				E674DD14294E3EEF003F9CD6 /* DatabaseView.swift */,
				E674DD16294E3EFD003F9CD6 /* CommunityView.swift */,
				E674DD18294E3F62003F9CD6 /* MiscellaneousView.swift */,
				E674DD1A294E3F7B003F9CD6 /* InformationView.swift */,
				E69A540629517001005519FA /* LoginView.swift */,
			);
			path = Views;
			sourceTree = "<group>";
		};
		E69A5400294FFA1A005519FA /* Models */ = {
			isa = PBXGroup;
			children = (
				E648D33A2954E91400ACEDDE /* AnimeModel.swift */,
			);
			path = Models;
			sourceTree = "<group>";
		};
		E69A5401294FFA27005519FA /* ViewModels */ = {
			isa = PBXGroup;
			children = (
				E69A5402294FFABD005519FA /* AppDataViewModel.swift */,
				E69A540429508EE6005519FA /* AuthViewModel.swift */,
				E648D3382954E7B100ACEDDE /* AnimeViewModel.swift */,
			);
			path = ViewModels;
			sourceTree = "<group>";
		};
		E6ABCAAA2976D5AC001A70F4 /* Components */ = {
			isa = PBXGroup;
			children = (
				E62D53B5297951D400C0F9D3 /* RatingView.swift */,
			);
			path = Components;
			sourceTree = "<group>";
		};
		E6AD01A4294E3A6F0065E5A6 = {
			isa = PBXGroup;
			children = (
				E6AD01AF294E3A6F0065E5A6 /* ShikimoriApp */,
				E6AD01C5294E3A700065E5A6 /* ShikimoriAppTests */,
				E6AD01CF294E3A700065E5A6 /* ShikimoriAppUITests */,
				E6AD01AE294E3A6F0065E5A6 /* Products */,
			);
			sourceTree = "<group>";
		};
		E6AD01AE294E3A6F0065E5A6 /* Products */ = {
			isa = PBXGroup;
			children = (
				E6AD01AD294E3A6F0065E5A6 /* ShikimoriApp.app */,
				E6AD01C2294E3A700065E5A6 /* ShikimoriAppTests.xctest */,
				E6AD01CC294E3A700065E5A6 /* ShikimoriAppUITests.xctest */,
			);
			name = Products;
			sourceTree = "<group>";
		};
		E6AD01AF294E3A6F0065E5A6 /* ShikimoriApp */ = {
			isa = PBXGroup;
			children = (
				E62D53BC2979602C00C0F9D3 /* Extensions */,
				E6ABCAAA2976D5AC001A70F4 /* Components */,
				E65B25DF2971D06A00BC37AC /* Managers */,
				E69A5401294FFA27005519FA /* ViewModels */,
				E69A5400294FFA1A005519FA /* Models */,
				E69A53FE294FF6AA005519FA /* Info.plist */,
				E674DD11294E3E44003F9CD6 /* Views */,
				E6AD01B0294E3A6F0065E5A6 /* ShikimoriAppApp.swift */,
				E6AD01B2294E3A6F0065E5A6 /* ContentView.swift */,
				E6AD01B4294E3A700065E5A6 /* Assets.xcassets */,
				E6AD01B9294E3A700065E5A6 /* Persistence.swift */,
				E6AD01BB294E3A700065E5A6 /* ShikimoriApp.xcdatamodeld */,
				E6AD01B6294E3A700065E5A6 /* Preview Content */,
			);
			path = ShikimoriApp;
			sourceTree = "<group>";
		};
		E6AD01B6294E3A700065E5A6 /* Preview Content */ = {
			isa = PBXGroup;
			children = (
				E6AD01B7294E3A700065E5A6 /* Preview Assets.xcassets */,
			);
			path = "Preview Content";
			sourceTree = "<group>";
		};
		E6AD01C5294E3A700065E5A6 /* ShikimoriAppTests */ = {
			isa = PBXGroup;
			children = (
				E6AD01C6294E3A700065E5A6 /* ShikimoriAppTests.swift */,
			);
			path = ShikimoriAppTests;
			sourceTree = "<group>";
		};
		E6AD01CF294E3A700065E5A6 /* ShikimoriAppUITests */ = {
			isa = PBXGroup;
			children = (
				E6AD01D0294E3A700065E5A6 /* ShikimoriAppUITests.swift */,
				E6AD01D2294E3A700065E5A6 /* ShikimoriAppUITestsLaunchTests.swift */,
			);
			path = ShikimoriAppUITests;
			sourceTree = "<group>";
		};
/* End PBXGroup section */

/* Begin PBXNativeTarget section */
		E6AD01AC294E3A6F0065E5A6 /* ShikimoriApp */ = {
			isa = PBXNativeTarget;
			buildConfigurationList = E6AD01D6294E3A700065E5A6 /* Build configuration list for PBXNativeTarget "ShikimoriApp" */;
			buildPhases = (
				E6AD01A9294E3A6F0065E5A6 /* Sources */,
				E6AD01AA294E3A6F0065E5A6 /* Frameworks */,
				E6AD01AB294E3A6F0065E5A6 /* Resources */,
			);
			buildRules = (
			);
			dependencies = (
			);
			name = ShikimoriApp;
			productName = ShikimoriApp;
			productReference = E6AD01AD294E3A6F0065E5A6 /* ShikimoriApp.app */;
			productType = "com.apple.product-type.application";
		};
		E6AD01C1294E3A700065E5A6 /* ShikimoriAppTests */ = {
			isa = PBXNativeTarget;
			buildConfigurationList = E6AD01D9294E3A700065E5A6 /* Build configuration list for PBXNativeTarget "ShikimoriAppTests" */;
			buildPhases = (
				E6AD01BE294E3A700065E5A6 /* Sources */,
				E6AD01BF294E3A700065E5A6 /* Frameworks */,
				E6AD01C0294E3A700065E5A6 /* Resources */,
			);
			buildRules = (
			);
			dependencies = (
				E6AD01C4294E3A700065E5A6 /* PBXTargetDependency */,
			);
			name = ShikimoriAppTests;
			productName = ShikimoriAppTests;
			productReference = E6AD01C2294E3A700065E5A6 /* ShikimoriAppTests.xctest */;
			productType = "com.apple.product-type.bundle.unit-test";
		};
		E6AD01CB294E3A700065E5A6 /* ShikimoriAppUITests */ = {
			isa = PBXNativeTarget;
			buildConfigurationList = E6AD01DC294E3A700065E5A6 /* Build configuration list for PBXNativeTarget "ShikimoriAppUITests" */;
			buildPhases = (
				E6AD01C8294E3A700065E5A6 /* Sources */,
				E6AD01C9294E3A700065E5A6 /* Frameworks */,
				E6AD01CA294E3A700065E5A6 /* Resources */,
			);
			buildRules = (
			);
			dependencies = (
				E6AD01CE294E3A700065E5A6 /* PBXTargetDependency */,
			);
			name = ShikimoriAppUITests;
			productName = ShikimoriAppUITests;
			productReference = E6AD01CC294E3A700065E5A6 /* ShikimoriAppUITests.xctest */;
			productType = "com.apple.product-type.bundle.ui-testing";
		};
/* End PBXNativeTarget section */

/* Begin PBXProject section */
		E6AD01A5294E3A6F0065E5A6 /* Project object */ = {
			isa = PBXProject;
			attributes = {
				BuildIndependentTargetsInParallel = 1;
				KnownAssetTags = (
					New,
				);
				LastSwiftUpdateCheck = 1410;
				LastUpgradeCheck = 1410;
				TargetAttributes = {
					E6AD01AC294E3A6F0065E5A6 = {
						CreatedOnToolsVersion = 14.1;
					};
					E6AD01C1294E3A700065E5A6 = {
						CreatedOnToolsVersion = 14.1;
						TestTargetID = E6AD01AC294E3A6F0065E5A6;
					};
					E6AD01CB294E3A700065E5A6 = {
						CreatedOnToolsVersion = 14.1;
						TestTargetID = E6AD01AC294E3A6F0065E5A6;
					};
				};
			};
			buildConfigurationList = E6AD01A8294E3A6F0065E5A6 /* Build configuration list for PBXProject "ShikimoriApp" */;
			compatibilityVersion = "Xcode 14.0";
			developmentRegion = en;
			hasScannedForEncodings = 0;
			knownRegions = (
				en,
				Base,
			);
			mainGroup = E6AD01A4294E3A6F0065E5A6;
			productRefGroup = E6AD01AE294E3A6F0065E5A6 /* Products */;
			projectDirPath = "";
			projectRoot = "";
			targets = (
				E6AD01AC294E3A6F0065E5A6 /* ShikimoriApp */,
				E6AD01C1294E3A700065E5A6 /* ShikimoriAppTests */,
				E6AD01CB294E3A700065E5A6 /* ShikimoriAppUITests */,
			);
		};
/* End PBXProject section */

/* Begin PBXResourcesBuildPhase section */
		E6AD01AB294E3A6F0065E5A6 /* Resources */ = {
			isa = PBXResourcesBuildPhase;
			buildActionMask = 2147483647;
			files = (
				E6AD01B8294E3A700065E5A6 /* Preview Assets.xcassets in Resources */,
				E6AD01B5294E3A700065E5A6 /* Assets.xcassets in Resources */,
			);
			runOnlyForDeploymentPostprocessing = 0;
		};
		E6AD01C0294E3A700065E5A6 /* Resources */ = {
			isa = PBXResourcesBuildPhase;
			buildActionMask = 2147483647;
			files = (
			);
			runOnlyForDeploymentPostprocessing = 0;
		};
		E6AD01CA294E3A700065E5A6 /* Resources */ = {
			isa = PBXResourcesBuildPhase;
			buildActionMask = 2147483647;
			files = (
			);
			runOnlyForDeploymentPostprocessing = 0;
		};
/* End PBXResourcesBuildPhase section */

/* Begin PBXSourcesBuildPhase section */
		E6AD01A9294E3A6F0065E5A6 /* Sources */ = {
			isa = PBXSourcesBuildPhase;
			buildActionMask = 2147483647;
			files = (
				E6AD01BA294E3A700065E5A6 /* Persistence.swift in Sources */,
				E674DD19294E3F62003F9CD6 /* MiscellaneousView.swift in Sources */,
				E648D33B2954E91400ACEDDE /* AnimeModel.swift in Sources */,
				E62D53BB29795FC900C0F9D3 /* AnimeInfoView.swift in Sources */,
				E674DD15294E3EEF003F9CD6 /* DatabaseView.swift in Sources */,
				E62D53B929795F9F00C0F9D3 /* AnimeCellView.swift in Sources */,
				E6AD01BD294E3A700065E5A6 /* ShikimoriApp.xcdatamodeld in Sources */,
				E69A5403294FFABE005519FA /* AppDataViewModel.swift in Sources */,
				E6AD01B3294E3A6F0065E5A6 /* ContentView.swift in Sources */,
				E648D3392954E7B100ACEDDE /* AnimeViewModel.swift in Sources */,
				E69A540729517001005519FA /* LoginView.swift in Sources */,
				E674DD13294E3E76003F9CD6 /* HomeView.swift in Sources */,
				E69A540529508EE7005519FA /* AuthViewModel.swift in Sources */,
				E62D53BE2979604300C0F9D3 /* PreviewProvider.swift in Sources */,
				E62D53B6297951D400C0F9D3 /* RatingView.swift in Sources */,
				E674DD1B294E3F7B003F9CD6 /* InformationView.swift in Sources */,
				E65B25E12971D17E00BC37AC /* AnimeManager.swift in Sources */,
				E674DD17294E3EFD003F9CD6 /* CommunityView.swift in Sources */,
				E6AD01B1294E3A6F0065E5A6 /* ShikimoriAppApp.swift in Sources */,
			);
			runOnlyForDeploymentPostprocessing = 0;
		};
		E6AD01BE294E3A700065E5A6 /* Sources */ = {
			isa = PBXSourcesBuildPhase;
			buildActionMask = 2147483647;
			files = (
				E6AD01C7294E3A700065E5A6 /* ShikimoriAppTests.swift in Sources */,
			);
			runOnlyForDeploymentPostprocessing = 0;
		};
		E6AD01C8294E3A700065E5A6 /* Sources */ = {
			isa = PBXSourcesBuildPhase;
			buildActionMask = 2147483647;
			files = (
				E6AD01D3294E3A700065E5A6 /* ShikimoriAppUITestsLaunchTests.swift in Sources */,
				E6AD01D1294E3A700065E5A6 /* ShikimoriAppUITests.swift in Sources */,
			);
			runOnlyForDeploymentPostprocessing = 0;
		};
/* End PBXSourcesBuildPhase section */

/* Begin PBXTargetDependency section */
		E6AD01C4294E3A700065E5A6 /* PBXTargetDependency */ = {
			isa = PBXTargetDependency;
			target = E6AD01AC294E3A6F0065E5A6 /* ShikimoriApp */;
			targetProxy = E6AD01C3294E3A700065E5A6 /* PBXContainerItemProxy */;
		};
		E6AD01CE294E3A700065E5A6 /* PBXTargetDependency */ = {
			isa = PBXTargetDependency;
			target = E6AD01AC294E3A6F0065E5A6 /* ShikimoriApp */;
			targetProxy = E6AD01CD294E3A700065E5A6 /* PBXContainerItemProxy */;
		};
/* End PBXTargetDependency section */

/* Begin XCBuildConfiguration section */
		E6AD01D4294E3A700065E5A6 /* Debug */ = {
			isa = XCBuildConfiguration;
			buildSettings = {
				ALWAYS_SEARCH_USER_PATHS = NO;
				CLANG_ANALYZER_NONNULL = YES;
				CLANG_ANALYZER_NUMBER_OBJECT_CONVERSION = YES_AGGRESSIVE;
				CLANG_CXX_LANGUAGE_STANDARD = "gnu++20";
				CLANG_ENABLE_MODULES = YES;
				CLANG_ENABLE_OBJC_ARC = YES;
				CLANG_ENABLE_OBJC_WEAK = YES;
				CLANG_WARN_BLOCK_CAPTURE_AUTORELEASING = YES;
				CLANG_WARN_BOOL_CONVERSION = YES;
				CLANG_WARN_COMMA = YES;
				CLANG_WARN_CONSTANT_CONVERSION = YES;
				CLANG_WARN_DEPRECATED_OBJC_IMPLEMENTATIONS = YES;
				CLANG_WARN_DIRECT_OBJC_ISA_USAGE = YES_ERROR;
				CLANG_WARN_DOCUMENTATION_COMMENTS = YES;
				CLANG_WARN_EMPTY_BODY = YES;
				CLANG_WARN_ENUM_CONVERSION = YES;
				CLANG_WARN_INFINITE_RECURSION = YES;
				CLANG_WARN_INT_CONVERSION = YES;
				CLANG_WARN_NON_LITERAL_NULL_CONVERSION = YES;
				CLANG_WARN_OBJC_IMPLICIT_RETAIN_SELF = YES;
				CLANG_WARN_OBJC_LITERAL_CONVERSION = YES;
				CLANG_WARN_OBJC_ROOT_CLASS = YES_ERROR;
				CLANG_WARN_QUOTED_INCLUDE_IN_FRAMEWORK_HEADER = YES;
				CLANG_WARN_RANGE_LOOP_ANALYSIS = YES;
				CLANG_WARN_STRICT_PROTOTYPES = YES;
				CLANG_WARN_SUSPICIOUS_MOVE = YES;
				CLANG_WARN_UNGUARDED_AVAILABILITY = YES_AGGRESSIVE;
				CLANG_WARN_UNREACHABLE_CODE = YES;
				CLANG_WARN__DUPLICATE_METHOD_MATCH = YES;
				COPY_PHASE_STRIP = NO;
				DEBUG_INFORMATION_FORMAT = dwarf;
				ENABLE_STRICT_OBJC_MSGSEND = YES;
				ENABLE_TESTABILITY = YES;
				GCC_C_LANGUAGE_STANDARD = gnu11;
				GCC_DYNAMIC_NO_PIC = NO;
				GCC_NO_COMMON_BLOCKS = YES;
				GCC_OPTIMIZATION_LEVEL = 0;
				GCC_PREPROCESSOR_DEFINITIONS = (
					"DEBUG=1",
					"$(inherited)",
				);
				GCC_WARN_64_TO_32_BIT_CONVERSION = YES;
				GCC_WARN_ABOUT_RETURN_TYPE = YES_ERROR;
				GCC_WARN_UNDECLARED_SELECTOR = YES;
				GCC_WARN_UNINITIALIZED_AUTOS = YES_AGGRESSIVE;
				GCC_WARN_UNUSED_FUNCTION = YES;
				GCC_WARN_UNUSED_VARIABLE = YES;
				IPHONEOS_DEPLOYMENT_TARGET = 16.1;
				MTL_ENABLE_DEBUG_INFO = INCLUDE_SOURCE;
				MTL_FAST_MATH = YES;
				ONLY_ACTIVE_ARCH = YES;
				SDKROOT = iphoneos;
				SWIFT_ACTIVE_COMPILATION_CONDITIONS = DEBUG;
				SWIFT_OPTIMIZATION_LEVEL = "-Onone";
			};
			name = Debug;
		};
		E6AD01D5294E3A700065E5A6 /* Release */ = {
			isa = XCBuildConfiguration;
			buildSettings = {
				ALWAYS_SEARCH_USER_PATHS = NO;
				CLANG_ANALYZER_NONNULL = YES;
				CLANG_ANALYZER_NUMBER_OBJECT_CONVERSION = YES_AGGRESSIVE;
				CLANG_CXX_LANGUAGE_STANDARD = "gnu++20";
				CLANG_ENABLE_MODULES = YES;
				CLANG_ENABLE_OBJC_ARC = YES;
				CLANG_ENABLE_OBJC_WEAK = YES;
				CLANG_WARN_BLOCK_CAPTURE_AUTORELEASING = YES;
				CLANG_WARN_BOOL_CONVERSION = YES;
				CLANG_WARN_COMMA = YES;
				CLANG_WARN_CONSTANT_CONVERSION = YES;
				CLANG_WARN_DEPRECATED_OBJC_IMPLEMENTATIONS = YES;
				CLANG_WARN_DIRECT_OBJC_ISA_USAGE = YES_ERROR;
				CLANG_WARN_DOCUMENTATION_COMMENTS = YES;
				CLANG_WARN_EMPTY_BODY = YES;
				CLANG_WARN_ENUM_CONVERSION = YES;
				CLANG_WARN_INFINITE_RECURSION = YES;
				CLANG_WARN_INT_CONVERSION = YES;
				CLANG_WARN_NON_LITERAL_NULL_CONVERSION = YES;
				CLANG_WARN_OBJC_IMPLICIT_RETAIN_SELF = YES;
				CLANG_WARN_OBJC_LITERAL_CONVERSION = YES;
				CLANG_WARN_OBJC_ROOT_CLASS = YES_ERROR;
				CLANG_WARN_QUOTED_INCLUDE_IN_FRAMEWORK_HEADER = YES;
				CLANG_WARN_RANGE_LOOP_ANALYSIS = YES;
				CLANG_WARN_STRICT_PROTOTYPES = YES;
				CLANG_WARN_SUSPICIOUS_MOVE = YES;
				CLANG_WARN_UNGUARDED_AVAILABILITY = YES_AGGRESSIVE;
				CLANG_WARN_UNREACHABLE_CODE = YES;
				CLANG_WARN__DUPLICATE_METHOD_MATCH = YES;
				COPY_PHASE_STRIP = NO;
				DEBUG_INFORMATION_FORMAT = "dwarf-with-dsym";
				ENABLE_NS_ASSERTIONS = NO;
				ENABLE_STRICT_OBJC_MSGSEND = YES;
				GCC_C_LANGUAGE_STANDARD = gnu11;
				GCC_NO_COMMON_BLOCKS = YES;
				GCC_WARN_64_TO_32_BIT_CONVERSION = YES;
				GCC_WARN_ABOUT_RETURN_TYPE = YES_ERROR;
				GCC_WARN_UNDECLARED_SELECTOR = YES;
				GCC_WARN_UNINITIALIZED_AUTOS = YES_AGGRESSIVE;
				GCC_WARN_UNUSED_FUNCTION = YES;
				GCC_WARN_UNUSED_VARIABLE = YES;
				IPHONEOS_DEPLOYMENT_TARGET = 16.1;
				MTL_ENABLE_DEBUG_INFO = NO;
				MTL_FAST_MATH = YES;
				SDKROOT = iphoneos;
				SWIFT_COMPILATION_MODE = wholemodule;
				SWIFT_OPTIMIZATION_LEVEL = "-O";
				VALIDATE_PRODUCT = YES;
			};
			name = Release;
		};
		E6AD01D7294E3A700065E5A6 /* Debug */ = {
			isa = XCBuildConfiguration;
			buildSettings = {
				ASSETCATALOG_COMPILER_APPICON_NAME = AppIcon;
				ASSETCATALOG_COMPILER_GLOBAL_ACCENT_COLOR_NAME = AccentColor;
				CODE_SIGN_STYLE = Automatic;
				CURRENT_PROJECT_VERSION = 1;
				DEVELOPMENT_ASSET_PATHS = "\"ShikimoriApp/Preview Content\"";
				DEVELOPMENT_TEAM = XV865J9PDC;
				ENABLE_PREVIEWS = YES;
				GENERATE_INFOPLIST_FILE = YES;
				INFOPLIST_FILE = ShikimoriApp/Info.plist;
				INFOPLIST_KEY_CFBundleDisplayName = Shikimori;
				INFOPLIST_KEY_UIApplicationSceneManifest_Generation = YES;
				INFOPLIST_KEY_UIApplicationSupportsIndirectInputEvents = YES;
				INFOPLIST_KEY_UILaunchScreen_Generation = YES;
				INFOPLIST_KEY_UISupportedInterfaceOrientations = UIInterfaceOrientationPortrait;
				INFOPLIST_KEY_UISupportedInterfaceOrientations_iPad = "UIInterfaceOrientationLandscapeLeft UIInterfaceOrientationLandscapeRight UIInterfaceOrientationPortrait UIInterfaceOrientationPortraitUpsideDown";
				LD_RUNPATH_SEARCH_PATHS = (
					"$(inherited)",
					"@executable_path/Frameworks",
				);
				MARKETING_VERSION = 1.0;
				PRODUCT_BUNDLE_IDENTIFIER = com.netlifyapp.picunada.ShikimoriApp;
				PRODUCT_NAME = "$(TARGET_NAME)";
				SUPPORTED_PLATFORMS = "iphoneos iphonesimulator";
				SUPPORTS_MACCATALYST = NO;
				SUPPORTS_MAC_DESIGNED_FOR_IPHONE_IPAD = NO;
				SWIFT_EMIT_LOC_STRINGS = YES;
				SWIFT_VERSION = 5.0;
				TARGETED_DEVICE_FAMILY = "1,2";
			};
			name = Debug;
		};
		E6AD01D8294E3A700065E5A6 /* Release */ = {
			isa = XCBuildConfiguration;
			buildSettings = {
				ASSETCATALOG_COMPILER_APPICON_NAME = AppIcon;
				ASSETCATALOG_COMPILER_GLOBAL_ACCENT_COLOR_NAME = AccentColor;
				CODE_SIGN_STYLE = Automatic;
				CURRENT_PROJECT_VERSION = 1;
				DEVELOPMENT_ASSET_PATHS = "\"ShikimoriApp/Preview Content\"";
				DEVELOPMENT_TEAM = XV865J9PDC;
				ENABLE_PREVIEWS = YES;
				GENERATE_INFOPLIST_FILE = YES;
				INFOPLIST_FILE = ShikimoriApp/Info.plist;
				INFOPLIST_KEY_CFBundleDisplayName = Shikimori;
				INFOPLIST_KEY_UIApplicationSceneManifest_Generation = YES;
				INFOPLIST_KEY_UIApplicationSupportsIndirectInputEvents = YES;
				INFOPLIST_KEY_UILaunchScreen_Generation = YES;
				INFOPLIST_KEY_UISupportedInterfaceOrientations = UIInterfaceOrientationPortrait;
				INFOPLIST_KEY_UISupportedInterfaceOrientations_iPad = "UIInterfaceOrientationLandscapeLeft UIInterfaceOrientationLandscapeRight UIInterfaceOrientationPortrait UIInterfaceOrientationPortraitUpsideDown";
				LD_RUNPATH_SEARCH_PATHS = (
					"$(inherited)",
					"@executable_path/Frameworks",
				);
				MARKETING_VERSION = 1.0;
				PRODUCT_BUNDLE_IDENTIFIER = com.netlifyapp.picunada.ShikimoriApp;
				PRODUCT_NAME = "$(TARGET_NAME)";
				SUPPORTED_PLATFORMS = "iphoneos iphonesimulator";
				SUPPORTS_MACCATALYST = NO;
				SUPPORTS_MAC_DESIGNED_FOR_IPHONE_IPAD = NO;
				SWIFT_EMIT_LOC_STRINGS = YES;
				SWIFT_VERSION = 5.0;
				TARGETED_DEVICE_FAMILY = "1,2";
			};
			name = Release;
		};
		E6AD01DA294E3A700065E5A6 /* Debug */ = {
			isa = XCBuildConfiguration;
			buildSettings = {
				ALWAYS_EMBED_SWIFT_STANDARD_LIBRARIES = YES;
				BUNDLE_LOADER = "$(TEST_HOST)";
				CODE_SIGN_STYLE = Automatic;
				CURRENT_PROJECT_VERSION = 1;
				DEVELOPMENT_TEAM = XV865J9PDC;
				GENERATE_INFOPLIST_FILE = YES;
				IPHONEOS_DEPLOYMENT_TARGET = 16.1;
				MARKETING_VERSION = 1.0;
				PRODUCT_BUNDLE_IDENTIFIER = com.netlifyapp.picunada.ShikimoriAppTests;
				PRODUCT_NAME = "$(TARGET_NAME)";
				SWIFT_EMIT_LOC_STRINGS = NO;
				SWIFT_VERSION = 5.0;
				TARGETED_DEVICE_FAMILY = "1,2";
				TEST_HOST = "$(BUILT_PRODUCTS_DIR)/ShikimoriApp.app/$(BUNDLE_EXECUTABLE_FOLDER_PATH)/ShikimoriApp";
			};
			name = Debug;
		};
		E6AD01DB294E3A700065E5A6 /* Release */ = {
			isa = XCBuildConfiguration;
			buildSettings = {
				ALWAYS_EMBED_SWIFT_STANDARD_LIBRARIES = YES;
				BUNDLE_LOADER = "$(TEST_HOST)";
				CODE_SIGN_STYLE = Automatic;
				CURRENT_PROJECT_VERSION = 1;
				DEVELOPMENT_TEAM = XV865J9PDC;
				GENERATE_INFOPLIST_FILE = YES;
				IPHONEOS_DEPLOYMENT_TARGET = 16.1;
				MARKETING_VERSION = 1.0;
				PRODUCT_BUNDLE_IDENTIFIER = com.netlifyapp.picunada.ShikimoriAppTests;
				PRODUCT_NAME = "$(TARGET_NAME)";
				SWIFT_EMIT_LOC_STRINGS = NO;
				SWIFT_VERSION = 5.0;
				TARGETED_DEVICE_FAMILY = "1,2";
				TEST_HOST = "$(BUILT_PRODUCTS_DIR)/ShikimoriApp.app/$(BUNDLE_EXECUTABLE_FOLDER_PATH)/ShikimoriApp";
			};
			name = Release;
		};
		E6AD01DD294E3A700065E5A6 /* Debug */ = {
			isa = XCBuildConfiguration;
			buildSettings = {
				ALWAYS_EMBED_SWIFT_STANDARD_LIBRARIES = YES;
				CODE_SIGN_STYLE = Automatic;
				CURRENT_PROJECT_VERSION = 1;
				DEVELOPMENT_TEAM = XV865J9PDC;
				GENERATE_INFOPLIST_FILE = YES;
				MARKETING_VERSION = 1.0;
				PRODUCT_BUNDLE_IDENTIFIER = com.netlifyapp.picunada.ShikimoriAppUITests;
				PRODUCT_NAME = "$(TARGET_NAME)";
				SWIFT_EMIT_LOC_STRINGS = NO;
				SWIFT_VERSION = 5.0;
				TARGETED_DEVICE_FAMILY = "1,2";
				TEST_TARGET_NAME = ShikimoriApp;
			};
			name = Debug;
		};
		E6AD01DE294E3A700065E5A6 /* Release */ = {
			isa = XCBuildConfiguration;
			buildSettings = {
				ALWAYS_EMBED_SWIFT_STANDARD_LIBRARIES = YES;
				CODE_SIGN_STYLE = Automatic;
				CURRENT_PROJECT_VERSION = 1;
				DEVELOPMENT_TEAM = XV865J9PDC;
				GENERATE_INFOPLIST_FILE = YES;
				MARKETING_VERSION = 1.0;
				PRODUCT_BUNDLE_IDENTIFIER = com.netlifyapp.picunada.ShikimoriAppUITests;
				PRODUCT_NAME = "$(TARGET_NAME)";
				SWIFT_EMIT_LOC_STRINGS = NO;
				SWIFT_VERSION = 5.0;
				TARGETED_DEVICE_FAMILY = "1,2";
				TEST_TARGET_NAME = ShikimoriApp;
			};
			name = Release;
		};
/* End XCBuildConfiguration section */

/* Begin XCConfigurationList section */
		E6AD01A8294E3A6F0065E5A6 /* Build configuration list for PBXProject "ShikimoriApp" */ = {
			isa = XCConfigurationList;
			buildConfigurations = (
				E6AD01D4294E3A700065E5A6 /* Debug */,
				E6AD01D5294E3A700065E5A6 /* Release */,
			);
			defaultConfigurationIsVisible = 0;
			defaultConfigurationName = Release;
		};
		E6AD01D6294E3A700065E5A6 /* Build configuration list for PBXNativeTarget "ShikimoriApp" */ = {
			isa = XCConfigurationList;
			buildConfigurations = (
				E6AD01D7294E3A700065E5A6 /* Debug */,
				E6AD01D8294E3A700065E5A6 /* Release */,
			);
			defaultConfigurationIsVisible = 0;
			defaultConfigurationName = Release;
		};
		E6AD01D9294E3A700065E5A6 /* Build configuration list for PBXNativeTarget "ShikimoriAppTests" */ = {
			isa = XCConfigurationList;
			buildConfigurations = (
				E6AD01DA294E3A700065E5A6 /* Debug */,
				E6AD01DB294E3A700065E5A6 /* Release */,
			);
			defaultConfigurationIsVisible = 0;
			defaultConfigurationName = Release;
		};
		E6AD01DC294E3A700065E5A6 /* Build configuration list for PBXNativeTarget "ShikimoriAppUITests" */ = {
			isa = XCConfigurationList;
			buildConfigurations = (
				E6AD01DD294E3A700065E5A6 /* Debug */,
				E6AD01DE294E3A700065E5A6 /* Release */,
			);
			defaultConfigurationIsVisible = 0;
			defaultConfigurationName = Release;
		};
/* End XCConfigurationList section */

/* Begin XCVersionGroup section */
		E6AD01BB294E3A700065E5A6 /* ShikimoriApp.xcdatamodeld */ = {
			isa = XCVersionGroup;
			children = (
				E6AD01BC294E3A700065E5A6 /* ShikimoriApp.xcdatamodel */,
			);
			currentVersion = E6AD01BC294E3A700065E5A6 /* ShikimoriApp.xcdatamodel */;
			path = ShikimoriApp.xcdatamodeld;
			sourceTree = "<group>";
			versionGroupType = wrapper.xcdatamodel;
		};
/* End XCVersionGroup section */
	};
	rootObject = E6AD01A5294E3A6F0065E5A6 /* Project object */;
}
